
Microsoft Visual Studio Solution File, Format Version 12.00
# Visual Studio Version 17
VisualStudioVersion = 17.14.36310.24
MinimumVisualStudioVersion = 10.0.40219.1
Project("{FAE04EC0-301F-11D3-BF4B-00C04F79EFBC}") = "SC4AssignBuildingStyles", "SC4AssignBuildingStyles.csproj", "{9CFD0F28-9285-4290-ADEB-768259011B43}"
	ProjectSection(ProjectDependencies) = postProject
		{2340077E-722E-7E4D-6617-3A3494E8160A} = {2340077E-722E-7E4D-6617-3A3494E8160A}
	EndProjectSection
EndProject
Project("{FAE04EC0-301F-11D3-BF4B-00C04F79EFBC}") = "DBPFSharp", "..\vendor\DBPFSharp\src\DBPFSharp\DBPFSharp.csproj", "{2340077E-722E-7E4D-6617-3A3494E8160A}"
EndProject
Global
	GlobalSection(SolutionConfigurationPlatforms) = preSolution
		Debug|Any CPU = Debug|Any CPU
		Release|Any CPU = Release|Any CPU
	EndGlobalSection
	GlobalSection(ProjectConfigurationPlatforms) = postSolution
		{9CFD0F28-9285-4290-ADEB-768259011B43}.Debug|Any CPU.ActiveCfg = Debug|Any CPU
		{9CFD0F28-9285-4290-ADEB-768259011B43}.Debug|Any CPU.Build.0 = Debug|Any CPU
		{9CFD0F28-9285-4290-ADEB-768259011B43}.Release|Any CPU.ActiveCfg = Release|Any CPU
		{9CFD0F28-9285-4290-ADEB-768259011B43}.Release|Any CPU.Build.0 = Release|Any CPU
		{2340077E-722E-7E4D-6617-3A3494E8160A}.Debug|Any CPU.ActiveCfg = Debug|Any CPU
		{2340077E-722E-7E4D-6617-3A3494E8160A}.Debug|Any CPU.Build.0 = Debug|Any CPU
		{2340077E-722E-7E4D-6617-3A3494E8160A}.Release|Any CPU.ActiveCfg = Release|Any CPU
		{2340077E-722E-7E4D-6617-3A3494E8160A}.Release|Any CPU.Build.0 = Release|Any CPU
	EndGlobalSection
	GlobalSection(SolutionProperties) = preSolution
		HideSolutionNode = FALSE
	EndGlobalSection
	GlobalSection(ExtensibilityGlobals) = postSolution
		SolutionGuid = {E9538162-BF02-4539-A17C-02C7927F285F}
	EndGlobalSection
EndGlobal
